
Microsoft Visual Studio Solution File, Format Version 12.00
# Visual Studio Version 16
VisualStudioVersion = 16.0.29613.14
MinimumVisualStudioVersion = 10.0.40219.1
Project("{FAE04EC0-301F-11D3-BF4B-00C04F79EFBC}") = "System.Threading.Atomics.Tests", "System.Threading.Atomics.Tests\System.Threading.Atomics.Tests.csproj", "{69BAF371-84B9-422F-85ED-1EA194E84769}"
EndProject
Project("{FAE04EC0-301F-11D3-BF4B-00C04F79EFBC}") = "System.Threading.Atomics.Standard", "System.Threading.Atomics.Standard\System.Threading.Atomics.Standard.csproj", "{8EC30271-6D0D-4818-88FA-7B12BF476FDB}"
EndProject
Global
	GlobalSection(SolutionConfigurationPlatforms) = preSolution
		Debug|Any CPU = Debug|Any CPU
		Debug|ARM = Debug|ARM
		Release|Any CPU = Release|Any CPU
		Release|ARM = Release|ARM
	EndGlobalSection
	GlobalSection(ProjectConfigurationPlatforms) = postSolution
		{69BAF371-84B9-422F-85ED-1EA194E84769}.Debug|Any CPU.ActiveCfg = Debug|Any CPU
		{69BAF371-84B9-422F-85ED-1EA194E84769}.Debug|Any CPU.Build.0 = Debug|Any CPU
		{69BAF371-84B9-422F-85ED-1EA194E84769}.Debug|ARM.ActiveCfg = Debug|Any CPU
		{69BAF371-84B9-422F-85ED-1EA194E84769}.Debug|ARM.Build.0 = Debug|Any CPU
		{69BAF371-84B9-422F-85ED-1EA194E84769}.Release|Any CPU.ActiveCfg = Release|Any CPU
		{69BAF371-84B9-422F-85ED-1EA194E84769}.Release|Any CPU.Build.0 = Release|Any CPU
		{69BAF371-84B9-422F-85ED-1EA194E84769}.Release|ARM.ActiveCfg = Release|Any CPU
		{69BAF371-84B9-422F-85ED-1EA194E84769}.Release|ARM.Build.0 = Release|Any CPU
		{8EC30271-6D0D-4818-88FA-7B12BF476FDB}.Debug|Any CPU.ActiveCfg = Debug|Any CPU
		{8EC30271-6D0D-4818-88FA-7B12BF476FDB}.Debug|Any CPU.Build.0 = Debug|Any CPU
		{8EC30271-6D0D-4818-88FA-7B12BF476FDB}.Debug|ARM.ActiveCfg = Debug|Any CPU
		{8EC30271-6D0D-4818-88FA-7B12BF476FDB}.Debug|ARM.Build.0 = Debug|Any CPU
		{8EC30271-6D0D-4818-88FA-7B12BF476FDB}.Release|Any CPU.ActiveCfg = Release|Any CPU
		{8EC30271-6D0D-4818-88FA-7B12BF476FDB}.Release|Any CPU.Build.0 = Release|Any CPU
		{8EC30271-6D0D-4818-88FA-7B12BF476FDB}.Release|ARM.ActiveCfg = Release|Any CPU
		{8EC30271-6D0D-4818-88FA-7B12BF476FDB}.Release|ARM.Build.0 = Release|Any CPU
	EndGlobalSection
	GlobalSection(SolutionProperties) = preSolution
		HideSolutionNode = FALSE
	EndGlobalSection
	GlobalSection(ExtensibilityGlobals) = postSolution
		SolutionGuid = {7E7741CB-E84A-4686-8AF8-E9678B61DBCF}
	EndGlobalSection
EndGlobal
